
Microsoft Visual Studio Solution File, Format Version 12.00
# Visual Studio Version 16
VisualStudioVersion = 16.0.29009.5
MinimumVisualStudioVersion = 15.0.26124.0
Project("{9A19103F-16F7-4668-BE54-9A1E7A4F7556}") = "ApproximationNet", "ApproximationNet\ApproximationNet.csproj", "{0B680F18-EBAC-4C86-9577-FA6FAD67DF43}"
EndProject
Project("{9A19103F-16F7-4668-BE54-9A1E7A4F7556}") = "ApproximationNet.Examples", "ApproximationNet.Examples\ApproximationNet.Examples.csproj", "{AE9A11DF-B3E6-464F-A4FB-5D76FE95BD5C}"
EndProject
Project("{2150E333-8FDC-42A3-9474-1A3956D46DE8}") = "Imports", "Imports", "{EC507D7E-9CDC-4795-95C0-9E053BF8A1EC}"
	ProjectSection(SolutionItems) = preProject
		..\Properties.targets = ..\Properties.targets
	EndProjectSection
EndProject
Global
	GlobalSection(SolutionConfigurationPlatforms) = preSolution
		Debug|Any CPU = Debug|Any CPU
		Debug|x64 = Debug|x64
		Debug|x86 = Debug|x86
		Release|Any CPU = Release|Any CPU
		Release|x64 = Release|x64
		Release|x86 = Release|x86
	EndGlobalSection
	GlobalSection(ProjectConfigurationPlatforms) = postSolution
		{0B680F18-EBAC-4C86-9577-FA6FAD67DF43}.Debug|Any CPU.ActiveCfg = Debug|Any CPU
		{0B680F18-EBAC-4C86-9577-FA6FAD67DF43}.Debug|Any CPU.Build.0 = Debug|Any CPU
		{0B680F18-EBAC-4C86-9577-FA6FAD67DF43}.Debug|x64.ActiveCfg = Debug|Any CPU
		{0B680F18-EBAC-4C86-9577-FA6FAD67DF43}.Debug|x64.Build.0 = Debug|Any CPU
		{0B680F18-EBAC-4C86-9577-FA6FAD67DF43}.Debug|x86.ActiveCfg = Debug|Any CPU
		{0B680F18-EBAC-4C86-9577-FA6FAD67DF43}.Debug|x86.Build.0 = Debug|Any CPU
		{0B680F18-EBAC-4C86-9577-FA6FAD67DF43}.Release|Any CPU.ActiveCfg = Release|Any CPU
		{0B680F18-EBAC-4C86-9577-FA6FAD67DF43}.Release|Any CPU.Build.0 = Release|Any CPU
		{0B680F18-EBAC-4C86-9577-FA6FAD67DF43}.Release|x64.ActiveCfg = Release|Any CPU
		{0B680F18-EBAC-4C86-9577-FA6FAD67DF43}.Release|x64.Build.0 = Release|Any CPU
		{0B680F18-EBAC-4C86-9577-FA6FAD67DF43}.Release|x86.ActiveCfg = Release|Any CPU
		{0B680F18-EBAC-4C86-9577-FA6FAD67DF43}.Release|x86.Build.0 = Release|Any CPU
		{AE9A11DF-B3E6-464F-A4FB-5D76FE95BD5C}.Debug|Any CPU.ActiveCfg = Debug|Any CPU
		{AE9A11DF-B3E6-464F-A4FB-5D76FE95BD5C}.Debug|Any CPU.Build.0 = Debug|Any CPU
		{AE9A11DF-B3E6-464F-A4FB-5D76FE95BD5C}.Debug|x64.ActiveCfg = Debug|Any CPU
		{AE9A11DF-B3E6-464F-A4FB-5D76FE95BD5C}.Debug|x64.Build.0 = Debug|Any CPU
		{AE9A11DF-B3E6-464F-A4FB-5D76FE95BD5C}.Debug|x86.ActiveCfg = Debug|Any CPU
		{AE9A11DF-B3E6-464F-A4FB-5D76FE95BD5C}.Debug|x86.Build.0 = Debug|Any CPU
		{AE9A11DF-B3E6-464F-A4FB-5D76FE95BD5C}.Release|Any CPU.ActiveCfg = Release|Any CPU
		{AE9A11DF-B3E6-464F-A4FB-5D76FE95BD5C}.Release|Any CPU.Build.0 = Release|Any CPU
		{AE9A11DF-B3E6-464F-A4FB-5D76FE95BD5C}.Release|x64.ActiveCfg = Release|Any CPU
		{AE9A11DF-B3E6-464F-A4FB-5D76FE95BD5C}.Release|x64.Build.0 = Release|Any CPU
		{AE9A11DF-B3E6-464F-A4FB-5D76FE95BD5C}.Release|x86.ActiveCfg = Release|Any CPU
		{AE9A11DF-B3E6-464F-A4FB-5D76FE95BD5C}.Release|x86.Build.0 = Release|Any CPU
	EndGlobalSection
	GlobalSection(SolutionProperties) = preSolution
		HideSolutionNode = FALSE
	EndGlobalSection
	GlobalSection(ExtensibilityGlobals) = postSolution
		SolutionGuid = {ABB0AE4A-88F0-4665-B4FD-2B2B97885A7C}
	EndGlobalSection
EndGlobal
